// !$*UTF8*$!
{
	archiveVersion = 1;
	classes = {
	};
	objectVersion = 50;
	objects = {

/* Begin PBXBuildFile section */
		3B0EBE25243112CE0024B86E /* RemindMe.db in Resources */ = {isa = PBXBuildFile; fileRef = 3B0EBE24243112CE0024B86E /* RemindMe.db */; };
		3B0EBE27243112F90024B86E /* libsqlite3.0.tbd in Frameworks */ = {isa = PBXBuildFile; fileRef = 3B0EBE26243112F90024B86E /* libsqlite3.0.tbd */; };
		3B0EBE29243147570024B86E /* ResetPasswordViewController.swift in Sources */ = {isa = PBXBuildFile; fileRef = 3B0EBE28243147570024B86E /* ResetPasswordViewController.swift */; };
		3B6606DB2423938700160572 /* SignupPageViewController.swift in Sources */ = {isa = PBXBuildFile; fileRef = 3B6606DA2423938700160572 /* SignupPageViewController.swift */; };
		3B6606DD2423939E00160572 /* LoginPageViewController.swift in Sources */ = {isa = PBXBuildFile; fileRef = 3B6606DC2423939E00160572 /* LoginPageViewController.swift */; };
		AE75FEA92423B06000F55C60 /* DueDateViewController2.swift in Sources */ = {isa = PBXBuildFile; fileRef = AE75FEA82423B06000F55C60 /* DueDateViewController2.swift */; };
		AE75FEAB2423B07B00F55C60 /* DueDateViewController1.swift in Sources */ = {isa = PBXBuildFile; fileRef = AE75FEAA2423B07B00F55C60 /* DueDateViewController1.swift */; };
		AE7C85582423FEBC00EA6CBC /* camera.png in Resources */ = {isa = PBXBuildFile; fileRef = AE7C85572423FEBC00EA6CBC /* camera.png */; };
		AE7C855B2423FF7D00EA6CBC /* CreateNoteViewController.swift in Sources */ = {isa = PBXBuildFile; fileRef = AE7C855A2423FF7D00EA6CBC /* CreateNoteViewController.swift */; };
		AE7C855E2423FFE900EA6CBC /* gg-background.jpg in Resources */ = {isa = PBXBuildFile; fileRef = AE7C855D2423FFE900EA6CBC /* gg-background.jpg */; };
		AE7D9416242231F60002B853 /* WebKit.framework in Frameworks */ = {isa = PBXBuildFile; fileRef = AE7D9415242231F60002B853 /* WebKit.framework */; };
		AE7D9418242232140002B853 /* libsqlite3.tbd in Frameworks */ = {isa = PBXBuildFile; fileRef = AE7D9417242232140002B853 /* libsqlite3.tbd */; };
		AEEBD19F241D5BDA00A41300 /* AppDelegate.swift in Sources */ = {isa = PBXBuildFile; fileRef = AEEBD19E241D5BDA00A41300 /* AppDelegate.swift */; };
		AEEBD1A1241D5BDA00A41300 /* ViewController.swift in Sources */ = {isa = PBXBuildFile; fileRef = AEEBD1A0241D5BDA00A41300 /* ViewController.swift */; };
		AEEBD1A4241D5BDA00A41300 /* Main.storyboard in Resources */ = {isa = PBXBuildFile; fileRef = AEEBD1A2241D5BDA00A41300 /* Main.storyboard */; };
		AEEBD1A6241D5BDB00A41300 /* Assets.xcassets in Resources */ = {isa = PBXBuildFile; fileRef = AEEBD1A5241D5BDB00A41300 /* Assets.xcassets */; };
		AEEBD1A9241D5BDB00A41300 /* LaunchScreen.storyboard in Resources */ = {isa = PBXBuildFile; fileRef = AEEBD1A7241D5BDB00A41300 /* LaunchScreen.storyboard */; };
		AEEBD1B5241D65C200A41300 /* DueDate.swift in Sources */ = {isa = PBXBuildFile; fileRef = AEEBD1B4241D65C200A41300 /* DueDate.swift */; };
		AEEBD1B7241D65D800A41300 /* Contact.swift in Sources */ = {isa = PBXBuildFile; fileRef = AEEBD1B6241D65D800A41300 /* Contact.swift */; };
		AEEBD1B9241D65F000A41300 /* Reminder.swift in Sources */ = {isa = PBXBuildFile; fileRef = AEEBD1B8241D65F000A41300 /* Reminder.swift */; };
		AEEBD1BB241D660500A41300 /* User.swift in Sources */ = {isa = PBXBuildFile; fileRef = AEEBD1BA241D660500A41300 /* User.swift */; };
		AEEBD1BD241D661E00A41300 /* Notification.swift in Sources */ = {isa = PBXBuildFile; fileRef = AEEBD1BC241D661E00A41300 /* Notification.swift */; };
		AEEBD1BF241D662F00A41300 /* Alarm.swift in Sources */ = {isa = PBXBuildFile; fileRef = AEEBD1BE241D662F00A41300 /* Alarm.swift */; };
		AEEBD1C1241D680C00A41300 /* Task.swift in Sources */ = {isa = PBXBuildFile; fileRef = AEEBD1C0241D680C00A41300 /* Task.swift */; };
		AEEBD1C3241D6C1000A41300 /* Note.swift in Sources */ = {isa = PBXBuildFile; fileRef = AEEBD1C2241D6C1000A41300 /* Note.swift */; };
/* End PBXBuildFile section */

/* Begin PBXFileReference section */
		3B0EBE24243112CE0024B86E /* RemindMe.db */ = {isa = PBXFileReference; lastKnownFileType = file; path = RemindMe.db; sourceTree = "<group>"; };
		3B0EBE26243112F90024B86E /* libsqlite3.0.tbd */ = {isa = PBXFileReference; lastKnownFileType = "sourcecode.text-based-dylib-definition"; name = libsqlite3.0.tbd; path = usr/lib/libsqlite3.0.tbd; sourceTree = SDKROOT; };
		3B0EBE28243147570024B86E /* ResetPasswordViewController.swift */ = {isa = PBXFileReference; lastKnownFileType = sourcecode.swift; path = ResetPasswordViewController.swift; sourceTree = "<group>"; };
		3B6606DA2423938700160572 /* SignupPageViewController.swift */ = {isa = PBXFileReference; lastKnownFileType = sourcecode.swift; path = SignupPageViewController.swift; sourceTree = "<group>"; };
		3B6606DC2423939E00160572 /* LoginPageViewController.swift */ = {isa = PBXFileReference; lastKnownFileType = sourcecode.swift; path = LoginPageViewController.swift; sourceTree = "<group>"; };
		AE75FEA82423B06000F55C60 /* DueDateViewController2.swift */ = {isa = PBXFileReference; lastKnownFileType = sourcecode.swift; path = DueDateViewController2.swift; sourceTree = "<group>"; };
		AE75FEAA2423B07B00F55C60 /* DueDateViewController1.swift */ = {isa = PBXFileReference; lastKnownFileType = sourcecode.swift; path = DueDateViewController1.swift; sourceTree = "<group>"; };
		AE7C85572423FEBC00EA6CBC /* camera.png */ = {isa = PBXFileReference; lastKnownFileType = image.png; path = camera.png; sourceTree = "<group>"; };
		AE7C855A2423FF7D00EA6CBC /* CreateNoteViewController.swift */ = {isa = PBXFileReference; fileEncoding = 4; lastKnownFileType = sourcecode.swift; path = CreateNoteViewController.swift; sourceTree = "<group>"; };
		AE7C855D2423FFE900EA6CBC /* gg-background.jpg */ = {isa = PBXFileReference; lastKnownFileType = image.jpeg; path = "gg-background.jpg"; sourceTree = "<group>"; };
		AE7D9415242231F60002B853 /* WebKit.framework */ = {isa = PBXFileReference; lastKnownFileType = wrapper.framework; name = WebKit.framework; path = System/Library/Frameworks/WebKit.framework; sourceTree = SDKROOT; };
		AE7D9417242232140002B853 /* libsqlite3.tbd */ = {isa = PBXFileReference; lastKnownFileType = "sourcecode.text-based-dylib-definition"; name = libsqlite3.tbd; path = usr/lib/libsqlite3.tbd; sourceTree = SDKROOT; };
		AEEBD19B241D5BDA00A41300 /* RemindMe.app */ = {isa = PBXFileReference; explicitFileType = wrapper.application; includeInIndex = 0; path = RemindMe.app; sourceTree = BUILT_PRODUCTS_DIR; };
		AEEBD19E241D5BDA00A41300 /* AppDelegate.swift */ = {isa = PBXFileReference; lastKnownFileType = sourcecode.swift; path = AppDelegate.swift; sourceTree = "<group>"; };
		AEEBD1A0241D5BDA00A41300 /* ViewController.swift */ = {isa = PBXFileReference; lastKnownFileType = sourcecode.swift; path = ViewController.swift; sourceTree = "<group>"; };
		AEEBD1A3241D5BDA00A41300 /* Base */ = {isa = PBXFileReference; lastKnownFileType = file.storyboard; name = Base; path = Base.lproj/Main.storyboard; sourceTree = "<group>"; };
		AEEBD1A5241D5BDB00A41300 /* Assets.xcassets */ = {isa = PBXFileReference; lastKnownFileType = folder.assetcatalog; path = Assets.xcassets; sourceTree = "<group>"; };
		AEEBD1A8241D5BDB00A41300 /* Base */ = {isa = PBXFileReference; lastKnownFileType = file.storyboard; name = Base; path = Base.lproj/LaunchScreen.storyboard; sourceTree = "<group>"; };
		AEEBD1AA241D5BDB00A41300 /* Info.plist */ = {isa = PBXFileReference; lastKnownFileType = text.plist.xml; path = Info.plist; sourceTree = "<group>"; };
		AEEBD1B4241D65C200A41300 /* DueDate.swift */ = {isa = PBXFileReference; lastKnownFileType = sourcecode.swift; path = DueDate.swift; sourceTree = "<group>"; };
		AEEBD1B6241D65D800A41300 /* Contact.swift */ = {isa = PBXFileReference; lastKnownFileType = sourcecode.swift; path = Contact.swift; sourceTree = "<group>"; };
		AEEBD1B8241D65F000A41300 /* Reminder.swift */ = {isa = PBXFileReference; lastKnownFileType = sourcecode.swift; path = Reminder.swift; sourceTree = "<group>"; };
		AEEBD1BA241D660500A41300 /* User.swift */ = {isa = PBXFileReference; lastKnownFileType = sourcecode.swift; path = User.swift; sourceTree = "<group>"; };
		AEEBD1BC241D661E00A41300 /* Notification.swift */ = {isa = PBXFileReference; lastKnownFileType = sourcecode.swift; path = Notification.swift; sourceTree = "<group>"; };
		AEEBD1BE241D662F00A41300 /* Alarm.swift */ = {isa = PBXFileReference; lastKnownFileType = sourcecode.swift; path = Alarm.swift; sourceTree = "<group>"; };
		AEEBD1C0241D680C00A41300 /* Task.swift */ = {isa = PBXFileReference; lastKnownFileType = sourcecode.swift; path = Task.swift; sourceTree = "<group>"; };
		AEEBD1C2241D6C1000A41300 /* Note.swift */ = {isa = PBXFileReference; lastKnownFileType = sourcecode.swift; path = Note.swift; sourceTree = "<group>"; };
/* End PBXFileReference section */

/* Begin PBXFrameworksBuildPhase section */
		AEEBD198241D5BDA00A41300 /* Frameworks */ = {
			isa = PBXFrameworksBuildPhase;
			buildActionMask = 2147483647;
			files = (
				3B0EBE27243112F90024B86E /* libsqlite3.0.tbd in Frameworks */,
				AE7D9418242232140002B853 /* libsqlite3.tbd in Frameworks */,
				AE7D9416242231F60002B853 /* WebKit.framework in Frameworks */,
			);
			runOnlyForDeploymentPostprocessing = 0;
		};
/* End PBXFrameworksBuildPhase section */

/* Begin PBXGroup section */
		3B0EBE23243112A40024B86E /* Database */ = {
			isa = PBXGroup;
			children = (
				3B0EBE24243112CE0024B86E /* RemindMe.db */,
			);
			path = Database;
			sourceTree = "<group>";
		};
		AE7C85542423FE8F00EA6CBC /* Buttons */ = {
			isa = PBXGroup;
			children = (
				AE7C85572423FEBC00EA6CBC /* camera.png */,
			);
			path = Buttons;
			sourceTree = "<group>";
		};
		AE7C85592423FF4600EA6CBC /* Notes */ = {
			isa = PBXGroup;
			children = (
				AE7C855A2423FF7D00EA6CBC /* CreateNoteViewController.swift */,
			);
			path = Notes;
			sourceTree = "<group>";
		};
		AE7C855C2423FFD900EA6CBC /* Testing */ = {
			isa = PBXGroup;
			children = (
				AE7C855D2423FFE900EA6CBC /* gg-background.jpg */,
			);
			path = Testing;
			sourceTree = "<group>";
		};
		AE7D9414242231F50002B853 /* Frameworks */ = {
			isa = PBXGroup;
			children = (
				3B0EBE26243112F90024B86E /* libsqlite3.0.tbd */,
				AE7D9417242232140002B853 /* libsqlite3.tbd */,
				AE7D9415242231F60002B853 /* WebKit.framework */,
			);
			name = Frameworks;
			sourceTree = "<group>";
		};
		AEEBD192241D5BDA00A41300 = {
			isa = PBXGroup;
			children = (
				AEEBD19D241D5BDA00A41300 /* RemindMe */,
				AEEBD19C241D5BDA00A41300 /* Products */,
				AE7D9414242231F50002B853 /* Frameworks */,
			);
			sourceTree = "<group>";
		};
		AEEBD19C241D5BDA00A41300 /* Products */ = {
			isa = PBXGroup;
			children = (
				AEEBD19B241D5BDA00A41300 /* RemindMe.app */,
			);
			name = Products;
			sourceTree = "<group>";
		};
		AEEBD19D241D5BDA00A41300 /* RemindMe */ = {
			isa = PBXGroup;
			children = (
				3B0EBE23243112A40024B86E /* Database */,
				AEEBD1B3241D5C0C00A41300 /* ViewControllers */,
				AEEBD1B2241D5C0400A41300 /* Storyboards */,
				AEEBD1B1241D5BFE00A41300 /* Classes */,
				AEEBD1B0241D5BF200A41300 /* Images */,
				AEEBD1A5241D5BDB00A41300 /* Assets.xcassets */,
				AEEBD1AA241D5BDB00A41300 /* Info.plist */,
			);
			path = RemindMe;
			sourceTree = "<group>";
		};
		AEEBD1B0241D5BF200A41300 /* Images */ = {
			isa = PBXGroup;
			children = (
				AE7C855C2423FFD900EA6CBC /* Testing */,
				AE7C85542423FE8F00EA6CBC /* Buttons */,
			);
			path = Images;
			sourceTree = "<group>";
		};
		AEEBD1B1241D5BFE00A41300 /* Classes */ = {
			isa = PBXGroup;
			children = (
				AEEBD19E241D5BDA00A41300 /* AppDelegate.swift */,
				AEEBD1B4241D65C200A41300 /* DueDate.swift */,
				AEEBD1B6241D65D800A41300 /* Contact.swift */,
				AEEBD1B8241D65F000A41300 /* Reminder.swift */,
				AEEBD1BA241D660500A41300 /* User.swift */,
				AEEBD1BC241D661E00A41300 /* Notification.swift */,
				AEEBD1BE241D662F00A41300 /* Alarm.swift */,
				AEEBD1C0241D680C00A41300 /* Task.swift */,
				AEEBD1C2241D6C1000A41300 /* Note.swift */,
			);
			path = Classes;
			sourceTree = "<group>";
		};
		AEEBD1B2241D5C0400A41300 /* Storyboards */ = {
			isa = PBXGroup;
			children = (
				AEEBD1A2241D5BDA00A41300 /* Main.storyboard */,
				AEEBD1A7241D5BDB00A41300 /* LaunchScreen.storyboard */,
			);
			path = Storyboards;
			sourceTree = "<group>";
		};
		AEEBD1B3241D5C0C00A41300 /* ViewControllers */ = {
			isa = PBXGroup;
			children = (
				AE7C85592423FF4600EA6CBC /* Notes */,
				AEEBD1A0241D5BDA00A41300 /* ViewController.swift */,
				3B6606DA2423938700160572 /* SignupPageViewController.swift */,
				3B6606DC2423939E00160572 /* LoginPageViewController.swift */,
				AE75FEA82423B06000F55C60 /* DueDateViewController2.swift */,
				AE75FEAA2423B07B00F55C60 /* DueDateViewController1.swift */,
				3B0EBE28243147570024B86E /* ResetPasswordViewController.swift */,
			);
			path = ViewControllers;
			sourceTree = "<group>";
		};
/* End PBXGroup section */

/* Begin PBXNativeTarget section */
		AEEBD19A241D5BDA00A41300 /* RemindMe */ = {
			isa = PBXNativeTarget;
			buildConfigurationList = AEEBD1AD241D5BDB00A41300 /* Build configuration list for PBXNativeTarget "RemindMe" */;
			buildPhases = (
				AEEBD197241D5BDA00A41300 /* Sources */,
				AEEBD198241D5BDA00A41300 /* Frameworks */,
				AEEBD199241D5BDA00A41300 /* Resources */,
			);
			buildRules = (
			);
			dependencies = (
			);
			name = RemindMe;
			productName = RemindMe;
			productReference = AEEBD19B241D5BDA00A41300 /* RemindMe.app */;
			productType = "com.apple.product-type.application";
		};
/* End PBXNativeTarget section */

/* Begin PBXProject section */
		AEEBD193241D5BDA00A41300 /* Project object */ = {
			isa = PBXProject;
			attributes = {
				LastSwiftUpdateCheck = 1030;
				LastUpgradeCheck = 1030;
				ORGANIZATIONNAME = BBQS;
				TargetAttributes = {
					AEEBD19A241D5BDA00A41300 = {
						CreatedOnToolsVersion = 10.3;
					};
				};
			};
			buildConfigurationList = AEEBD196241D5BDA00A41300 /* Build configuration list for PBXProject "RemindMe" */;
			compatibilityVersion = "Xcode 9.3";
			developmentRegion = en;
			hasScannedForEncodings = 0;
			knownRegions = (
				en,
				Base,
			);
			mainGroup = AEEBD192241D5BDA00A41300;
			productRefGroup = AEEBD19C241D5BDA00A41300 /* Products */;
			projectDirPath = "";
			projectRoot = "";
			targets = (
				AEEBD19A241D5BDA00A41300 /* RemindMe */,
			);
		};
/* End PBXProject section */

/* Begin PBXResourcesBuildPhase section */
		AEEBD199241D5BDA00A41300 /* Resources */ = {
			isa = PBXResourcesBuildPhase;
			buildActionMask = 2147483647;
			files = (
				3B0EBE25243112CE0024B86E /* RemindMe.db in Resources */,
				AE7C855E2423FFE900EA6CBC /* gg-background.jpg in Resources */,
				AEEBD1A9241D5BDB00A41300 /* LaunchScreen.storyboard in Resources */,
				AEEBD1A6241D5BDB00A41300 /* Assets.xcassets in Resources */,
				AE7C85582423FEBC00EA6CBC /* camera.png in Resources */,
				AEEBD1A4241D5BDA00A41300 /* Main.storyboard in Resources */,
			);
			runOnlyForDeploymentPostprocessing = 0;
		};
/* End PBXResourcesBuildPhase section */

/* Begin PBXSourcesBuildPhase section */
		AEEBD197241D5BDA00A41300 /* Sources */ = {
			isa = PBXSourcesBuildPhase;
			buildActionMask = 2147483647;
			files = (
				AEEBD1B7241D65D800A41300 /* Contact.swift in Sources */,
				AEEBD1A1241D5BDA00A41300 /* ViewController.swift in Sources */,
				AEEBD1BB241D660500A41300 /* User.swift in Sources */,
				3B0EBE29243147570024B86E /* ResetPasswordViewController.swift in Sources */,
				AEEBD1BF241D662F00A41300 /* Alarm.swift in Sources */,
				AE75FEAB2423B07B00F55C60 /* DueDateViewController1.swift in Sources */,
				AE75FEA92423B06000F55C60 /* DueDateViewController2.swift in Sources */,
				AEEBD1BD241D661E00A41300 /* Notification.swift in Sources */,
				3B6606DB2423938700160572 /* SignupPageViewController.swift in Sources */,
				AEEBD1C3241D6C1000A41300 /* Note.swift in Sources */,
				AEEBD19F241D5BDA00A41300 /* AppDelegate.swift in Sources */,
				AEEBD1B5241D65C200A41300 /* DueDate.swift in Sources */,
				3B6606DD2423939E00160572 /* LoginPageViewController.swift in Sources */,
				AEEBD1C1241D680C00A41300 /* Task.swift in Sources */,
				AE7C855B2423FF7D00EA6CBC /* CreateNoteViewController.swift in Sources */,
				AEEBD1B9241D65F000A41300 /* Reminder.swift in Sources */,
			);
			runOnlyForDeploymentPostprocessing = 0;
		};
/* End PBXSourcesBuildPhase section */

/* Begin PBXVariantGroup section */
		AEEBD1A2241D5BDA00A41300 /* Main.storyboard */ = {
			isa = PBXVariantGroup;
			children = (
				AEEBD1A3241D5BDA00A41300 /* Base */,
			);
			name = Main.storyboard;
			sourceTree = "<group>";
		};
		AEEBD1A7241D5BDB00A41300 /* LaunchScreen.storyboard */ = {
			isa = PBXVariantGroup;
			children = (
				AEEBD1A8241D5BDB00A41300 /* Base */,
			);
			name = LaunchScreen.storyboard;
			sourceTree = "<group>";
		};
/* End PBXVariantGroup section */

/* Begin XCBuildConfiguration section */
		AEEBD1AB241D5BDB00A41300 /* Debug */ = {
			isa = XCBuildConfiguration;
			buildSettings = {
				ALWAYS_SEARCH_USER_PATHS = NO;
				CLANG_ANALYZER_NONNULL = YES;
				CLANG_ANALYZER_NUMBER_OBJECT_CONVERSION = YES_AGGRESSIVE;
				CLANG_CXX_LANGUAGE_STANDARD = "gnu++14";
				CLANG_CXX_LIBRARY = "libc++";
				CLANG_ENABLE_MODULES = YES;
				CLANG_ENABLE_OBJC_ARC = YES;
				CLANG_ENABLE_OBJC_WEAK = YES;
				CLANG_WARN_BLOCK_CAPTURE_AUTORELEASING = YES;
				CLANG_WARN_BOOL_CONVERSION = YES;
				CLANG_WARN_COMMA = YES;
				CLANG_WARN_CONSTANT_CONVERSION = YES;
				CLANG_WARN_DEPRECATED_OBJC_IMPLEMENTATIONS = YES;
				CLANG_WARN_DIRECT_OBJC_ISA_USAGE = YES_ERROR;
				CLANG_WARN_DOCUMENTATION_COMMENTS = YES;
				CLANG_WARN_EMPTY_BODY = YES;
				CLANG_WARN_ENUM_CONVERSION = YES;
				CLANG_WARN_INFINITE_RECURSION = YES;
				CLANG_WARN_INT_CONVERSION = YES;
				CLANG_WARN_NON_LITERAL_NULL_CONVERSION = YES;
				CLANG_WARN_OBJC_IMPLICIT_RETAIN_SELF = YES;
				CLANG_WARN_OBJC_LITERAL_CONVERSION = YES;
				CLANG_WARN_OBJC_ROOT_CLASS = YES_ERROR;
				CLANG_WARN_RANGE_LOOP_ANALYSIS = YES;
				CLANG_WARN_STRICT_PROTOTYPES = YES;
				CLANG_WARN_SUSPICIOUS_MOVE = YES;
				CLANG_WARN_UNGUARDED_AVAILABILITY = YES_AGGRESSIVE;
				CLANG_WARN_UNREACHABLE_CODE = YES;
				CLANG_WARN__DUPLICATE_METHOD_MATCH = YES;
				CODE_SIGN_IDENTITY = "iPhone Developer";
				COPY_PHASE_STRIP = NO;
				DEBUG_INFORMATION_FORMAT = dwarf;
				ENABLE_STRICT_OBJC_MSGSEND = YES;
				ENABLE_TESTABILITY = YES;
				GCC_C_LANGUAGE_STANDARD = gnu11;
				GCC_DYNAMIC_NO_PIC = NO;
				GCC_NO_COMMON_BLOCKS = YES;
				GCC_OPTIMIZATION_LEVEL = 0;
				GCC_PREPROCESSOR_DEFINITIONS = (
					"DEBUG=1",
					"$(inherited)",
				);
				GCC_WARN_64_TO_32_BIT_CONVERSION = YES;
				GCC_WARN_ABOUT_RETURN_TYPE = YES_ERROR;
				GCC_WARN_UNDECLARED_SELECTOR = YES;
				GCC_WARN_UNINITIALIZED_AUTOS = YES_AGGRESSIVE;
				GCC_WARN_UNUSED_FUNCTION = YES;
				GCC_WARN_UNUSED_VARIABLE = YES;
				IPHONEOS_DEPLOYMENT_TARGET = 12.4;
				MTL_ENABLE_DEBUG_INFO = INCLUDE_SOURCE;
				MTL_FAST_MATH = YES;
				ONLY_ACTIVE_ARCH = YES;
				SDKROOT = iphoneos;
				SWIFT_ACTIVE_COMPILATION_CONDITIONS = DEBUG;
				SWIFT_OPTIMIZATION_LEVEL = "-Onone";
			};
			name = Debug;
		};
		AEEBD1AC241D5BDB00A41300 /* Release */ = {
			isa = XCBuildConfiguration;
			buildSettings = {
				ALWAYS_SEARCH_USER_PATHS = NO;
				CLANG_ANALYZER_NONNULL = YES;
				CLANG_ANALYZER_NUMBER_OBJECT_CONVERSION = YES_AGGRESSIVE;
				CLANG_CXX_LANGUAGE_STANDARD = "gnu++14";
				CLANG_CXX_LIBRARY = "libc++";
				CLANG_ENABLE_MODULES = YES;
				CLANG_ENABLE_OBJC_ARC = YES;
				CLANG_ENABLE_OBJC_WEAK = YES;
				CLANG_WARN_BLOCK_CAPTURE_AUTORELEASING = YES;
				CLANG_WARN_BOOL_CONVERSION = YES;
				CLANG_WARN_COMMA = YES;
				CLANG_WARN_CONSTANT_CONVERSION = YES;
				CLANG_WARN_DEPRECATED_OBJC_IMPLEMENTATIONS = YES;
				CLANG_WARN_DIRECT_OBJC_ISA_USAGE = YES_ERROR;
				CLANG_WARN_DOCUMENTATION_COMMENTS = YES;
				CLANG_WARN_EMPTY_BODY = YES;
				CLANG_WARN_ENUM_CONVERSION = YES;
				CLANG_WARN_INFINITE_RECURSION = YES;
				CLANG_WARN_INT_CONVERSION = YES;
				CLANG_WARN_NON_LITERAL_NULL_CONVERSION = YES;
				CLANG_WARN_OBJC_IMPLICIT_RETAIN_SELF = YES;
				CLANG_WARN_OBJC_LITERAL_CONVERSION = YES;
				CLANG_WARN_OBJC_ROOT_CLASS = YES_ERROR;
				CLANG_WARN_RANGE_LOOP_ANALYSIS = YES;
				CLANG_WARN_STRICT_PROTOTYPES = YES;
				CLANG_WARN_SUSPICIOUS_MOVE = YES;
				CLANG_WARN_UNGUARDED_AVAILABILITY = YES_AGGRESSIVE;
				CLANG_WARN_UNREACHABLE_CODE = YES;
				CLANG_WARN__DUPLICATE_METHOD_MATCH = YES;
				CODE_SIGN_IDENTITY = "iPhone Developer";
				COPY_PHASE_STRIP = NO;
				DEBUG_INFORMATION_FORMAT = "dwarf-with-dsym";
				ENABLE_NS_ASSERTIONS = NO;
				ENABLE_STRICT_OBJC_MSGSEND = YES;
				GCC_C_LANGUAGE_STANDARD = gnu11;
				GCC_NO_COMMON_BLOCKS = YES;
				GCC_WARN_64_TO_32_BIT_CONVERSION = YES;
				GCC_WARN_ABOUT_RETURN_TYPE = YES_ERROR;
				GCC_WARN_UNDECLARED_SELECTOR = YES;
				GCC_WARN_UNINITIALIZED_AUTOS = YES_AGGRESSIVE;
				GCC_WARN_UNUSED_FUNCTION = YES;
				GCC_WARN_UNUSED_VARIABLE = YES;
				IPHONEOS_DEPLOYMENT_TARGET = 12.4;
				MTL_ENABLE_DEBUG_INFO = NO;
				MTL_FAST_MATH = YES;
				SDKROOT = iphoneos;
				SWIFT_COMPILATION_MODE = wholemodule;
				SWIFT_OPTIMIZATION_LEVEL = "-O";
				VALIDATE_PRODUCT = YES;
			};
			name = Release;
		};
		AEEBD1AE241D5BDB00A41300 /* Debug */ = {
			isa = XCBuildConfiguration;
			buildSettings = {
				ASSETCATALOG_COMPILER_APPICON_NAME = AppIcon;
				CODE_SIGN_STYLE = Automatic;
				INFOPLIST_FILE = RemindMe/Info.plist;
				LD_RUNPATH_SEARCH_PATHS = (
					"$(inherited)",
					"@executable_path/Frameworks",
				);
				PRODUCT_BUNDLE_IDENTIFIER = bbqs.RemindMe;
				PRODUCT_NAME = "$(TARGET_NAME)";
				SWIFT_VERSION = 5.0;
				TARGETED_DEVICE_FAMILY = "1,2";
			};
			name = Debug;
		};
		AEEBD1AF241D5BDB00A41300 /* Release */ = {
			isa = XCBuildConfiguration;
			buildSettings = {
				ASSETCATALOG_COMPILER_APPICON_NAME = AppIcon;
				CODE_SIGN_STYLE = Automatic;
				INFOPLIST_FILE = RemindMe/Info.plist;
				LD_RUNPATH_SEARCH_PATHS = (
					"$(inherited)",
					"@executable_path/Frameworks",
				);
				PRODUCT_BUNDLE_IDENTIFIER = bbqs.RemindMe;
				PRODUCT_NAME = "$(TARGET_NAME)";
				SWIFT_VERSION = 5.0;
				TARGETED_DEVICE_FAMILY = "1,2";
			};
			name = Release;
		};
/* End XCBuildConfiguration section */

/* Begin XCConfigurationList section */
		AEEBD196241D5BDA00A41300 /* Build configuration list for PBXProject "RemindMe" */ = {
			isa = XCConfigurationList;
			buildConfigurations = (
				AEEBD1AB241D5BDB00A41300 /* Debug */,
				AEEBD1AC241D5BDB00A41300 /* Release */,
			);
			defaultConfigurationIsVisible = 0;
			defaultConfigurationName = Release;
		};
		AEEBD1AD241D5BDB00A41300 /* Build configuration list for PBXNativeTarget "RemindMe" */ = {
			isa = XCConfigurationList;
			buildConfigurations = (
				AEEBD1AE241D5BDB00A41300 /* Debug */,
				AEEBD1AF241D5BDB00A41300 /* Release */,
			);
			defaultConfigurationIsVisible = 0;
			defaultConfigurationName = Release;
		};
/* End XCConfigurationList section */
	};
	rootObject = AEEBD193241D5BDA00A41300 /* Project object */;
}
